
Microsoft Visual Studio Solution File, Format Version 12.00
# Visual Studio Version 17
VisualStudioVersion = 17.4.33213.308
MinimumVisualStudioVersion = 10.0.40219.1
Project("{FAE04EC0-301F-11D3-BF4B-00C04F79EFBC}") = "MultiPage.Server", "MultiPage\Server\MultiPage.Server.csproj", "{63DCD055-F59F-4BFF-8898-5654920B7BF1}"
EndProject
Project("{FAE04EC0-301F-11D3-BF4B-00C04F79EFBC}") = "MultiPage.Client", "MultiPage\Client\MultiPage.Client.csproj", "{E4298CCA-476A-47E1-BBCD-7D8BD6E4026E}"
EndProject
Project("{FAE04EC0-301F-11D3-BF4B-00C04F79EFBC}") = "MultiPage.Shared", "MultiPage\Shared\MultiPage.Shared.csproj", "{621CC74B-3619-4E6C-9520-88A667A98AA6}"
EndProject
Global
	GlobalSection(SolutionConfigurationPlatforms) = preSolution
		Debug|Any CPU = Debug|Any CPU
		Release|Any CPU = Release|Any CPU
	EndGlobalSection
	GlobalSection(ProjectConfigurationPlatforms) = postSolution
		{63DCD055-F59F-4BFF-8898-5654920B7BF1}.Debug|Any CPU.ActiveCfg = Debug|Any CPU
		{63DCD055-F59F-4BFF-8898-5654920B7BF1}.Debug|Any CPU.Build.0 = Debug|Any CPU
		{63DCD055-F59F-4BFF-8898-5654920B7BF1}.Release|Any CPU.ActiveCfg = Release|Any CPU
		{63DCD055-F59F-4BFF-8898-5654920B7BF1}.Release|Any CPU.Build.0 = Release|Any CPU
		{E4298CCA-476A-47E1-BBCD-7D8BD6E4026E}.Debug|Any CPU.ActiveCfg = Debug|Any CPU
		{E4298CCA-476A-47E1-BBCD-7D8BD6E4026E}.Debug|Any CPU.Build.0 = Debug|Any CPU
		{E4298CCA-476A-47E1-BBCD-7D8BD6E4026E}.Release|Any CPU.ActiveCfg = Release|Any CPU
		{E4298CCA-476A-47E1-BBCD-7D8BD6E4026E}.Release|Any CPU.Build.0 = Release|Any CPU
		{621CC74B-3619-4E6C-9520-88A667A98AA6}.Debug|Any CPU.ActiveCfg = Debug|Any CPU
		{621CC74B-3619-4E6C-9520-88A667A98AA6}.Debug|Any CPU.Build.0 = Debug|Any CPU
		{621CC74B-3619-4E6C-9520-88A667A98AA6}.Release|Any CPU.ActiveCfg = Release|Any CPU
		{621CC74B-3619-4E6C-9520-88A667A98AA6}.Release|Any CPU.Build.0 = Release|Any CPU
	EndGlobalSection
	GlobalSection(SolutionProperties) = preSolution
		HideSolutionNode = FALSE
	EndGlobalSection
	GlobalSection(ExtensibilityGlobals) = postSolution
		SolutionGuid = {31DBC88C-8A4B-4A15-AA53-2DDFF077EB79}
	EndGlobalSection
EndGlobal
